
Microsoft Visual Studio Solution File, Format Version 12.00
# Visual Studio Version 17
VisualStudioVersion = 17.8.34309.116
MinimumVisualStudioVersion = 10.0.40219.1
Project("{FAE04EC0-301F-11D3-BF4B-00C04F79EFBC}") = "TPWinForm-equipo-h", "TPWinForm-equipo-h\TPWinForm-equipo-h.csproj", "{82C19C87-DE26-48BE-823F-414E6144342B}"
EndProject
Global
	GlobalSection(SolutionConfigurationPlatforms) = preSolution
		Debug|Any CPU = Debug|Any CPU
		Release|Any CPU = Release|Any CPU
	EndGlobalSection
	GlobalSection(ProjectConfigurationPlatforms) = postSolution
		{82C19C87-DE26-48BE-823F-414E6144342B}.Debug|Any CPU.ActiveCfg = Debug|Any CPU
		{82C19C87-DE26-48BE-823F-414E6144342B}.Debug|Any CPU.Build.0 = Debug|Any CPU
		{82C19C87-DE26-48BE-823F-414E6144342B}.Release|Any CPU.ActiveCfg = Release|Any CPU
		{82C19C87-DE26-48BE-823F-414E6144342B}.Release|Any CPU.Build.0 = Release|Any CPU
	EndGlobalSection
	GlobalSection(SolutionProperties) = preSolution
		HideSolutionNode = FALSE
	EndGlobalSection
	GlobalSection(ExtensibilityGlobals) = postSolution
		SolutionGuid = {3981B07D-68CF-42D9-AE8C-DD931E948C09}
	EndGlobalSection
EndGlobal
